// !$*UTF8*$!
{
	archiveVersion = 1;
	classes = {
	};
	objectVersion = 46;
	objects = {

/* Begin PBXBuildFile section */
		192B863C1C81DE78003DCC1D /* ObjCToCPlusPlus.mm in Sources */ = {isa = PBXBuildFile; fileRef = 192B863B1C81DE78003DCC1D /* ObjCToCPlusPlus.mm */; };
		1937B18A1C80B5440060C23A /* AppDelegate.swift in Sources */ = {isa = PBXBuildFile; fileRef = 1937B1891C80B5440060C23A /* AppDelegate.swift */; };
		1937B18C1C80B5440060C23A /* ViewController.swift in Sources */ = {isa = PBXBuildFile; fileRef = 1937B18B1C80B5440060C23A /* ViewController.swift */; };
		1937B18E1C80B5440060C23A /* Assets.xcassets in Resources */ = {isa = PBXBuildFile; fileRef = 1937B18D1C80B5440060C23A /* Assets.xcassets */; };
		1937B1911C80B5440060C23A /* Main.storyboard in Resources */ = {isa = PBXBuildFile; fileRef = 1937B18F1C80B5440060C23A /* Main.storyboard */; };
		1950364F1C80B59D00C9C990 /* GraphView.swift in Sources */ = {isa = PBXBuildFile; fileRef = 1950364E1C80B59D00C9C990 /* GraphView.swift */; };
		1950365A1C80BA5500C9C990 /* PathFinder.cpp in Sources */ = {isa = PBXBuildFile; fileRef = 195036581C80BA5500C9C990 /* PathFinder.cpp */; };
		1950365D1C80BBBB00C9C990 /* Position.cpp in Sources */ = {isa = PBXBuildFile; fileRef = 1950365B1C80BBBB00C9C990 /* Position.cpp */; };
		195036601C80BC8100C9C990 /* PositionConverter.cpp in Sources */ = {isa = PBXBuildFile; fileRef = 1950365E1C80BC8100C9C990 /* PositionConverter.cpp */; };
		195036631C80BFC300C9C990 /* Graph.cpp in Sources */ = {isa = PBXBuildFile; fileRef = 195036611C80BFC300C9C990 /* Graph.cpp */; };
/* End PBXBuildFile section */

/* Begin PBXFileReference section */
		192B86391C81DE1C003DCC1D /* A*-Bridging-Header.h */ = {isa = PBXFileReference; lastKnownFileType = sourcecode.c.h; path = "A*-Bridging-Header.h"; sourceTree = "<group>"; };
		192B863A1C81DE78003DCC1D /* ObjCToCPlusPlus.h */ = {isa = PBXFileReference; fileEncoding = 4; lastKnownFileType = sourcecode.c.h; path = ObjCToCPlusPlus.h; sourceTree = "<group>"; };
		192B863B1C81DE78003DCC1D /* ObjCToCPlusPlus.mm */ = {isa = PBXFileReference; fileEncoding = 4; lastKnownFileType = sourcecode.cpp.objcpp; path = ObjCToCPlusPlus.mm; sourceTree = "<group>"; };
		1937B1861C80B5440060C23A /* A*.app */ = {isa = PBXFileReference; explicitFileType = wrapper.application; includeInIndex = 0; path = "A*.app"; sourceTree = BUILT_PRODUCTS_DIR; };
		1937B1891C80B5440060C23A /* AppDelegate.swift */ = {isa = PBXFileReference; lastKnownFileType = sourcecode.swift; path = AppDelegate.swift; sourceTree = "<group>"; };
		1937B18B1C80B5440060C23A /* ViewController.swift */ = {isa = PBXFileReference; lastKnownFileType = sourcecode.swift; path = ViewController.swift; sourceTree = "<group>"; };
		1937B18D1C80B5440060C23A /* Assets.xcassets */ = {isa = PBXFileReference; lastKnownFileType = folder.assetcatalog; path = Assets.xcassets; sourceTree = "<group>"; };
		1937B1901C80B5440060C23A /* Base */ = {isa = PBXFileReference; lastKnownFileType = file.storyboard; name = Base; path = Base.lproj/Main.storyboard; sourceTree = "<group>"; };
		1937B1921C80B5440060C23A /* Info.plist */ = {isa = PBXFileReference; lastKnownFileType = text.plist.xml; path = Info.plist; sourceTree = "<group>"; };
		1950364E1C80B59D00C9C990 /* GraphView.swift */ = {isa = PBXFileReference; fileEncoding = 4; lastKnownFileType = sourcecode.swift; path = GraphView.swift; sourceTree = "<group>"; };
		195036581C80BA5500C9C990 /* PathFinder.cpp */ = {isa = PBXFileReference; fileEncoding = 4; lastKnownFileType = sourcecode.cpp.cpp; path = PathFinder.cpp; sourceTree = "<group>"; };
		195036591C80BA5500C9C990 /* PathFinder.hpp */ = {isa = PBXFileReference; fileEncoding = 4; lastKnownFileType = sourcecode.cpp.h; path = PathFinder.hpp; sourceTree = "<group>"; };
		1950365B1C80BBBB00C9C990 /* Position.cpp */ = {isa = PBXFileReference; fileEncoding = 4; lastKnownFileType = sourcecode.cpp.cpp; path = Position.cpp; sourceTree = "<group>"; };
		1950365C1C80BBBB00C9C990 /* Position.hpp */ = {isa = PBXFileReference; fileEncoding = 4; lastKnownFileType = sourcecode.cpp.h; path = Position.hpp; sourceTree = "<group>"; };
		1950365E1C80BC8100C9C990 /* PositionConverter.cpp */ = {isa = PBXFileReference; fileEncoding = 4; lastKnownFileType = sourcecode.cpp.cpp; path = PositionConverter.cpp; sourceTree = "<group>"; };
		1950365F1C80BC8100C9C990 /* PositionConverter.hpp */ = {isa = PBXFileReference; fileEncoding = 4; lastKnownFileType = sourcecode.cpp.h; path = PositionConverter.hpp; sourceTree = "<group>"; };
		195036611C80BFC300C9C990 /* Graph.cpp */ = {isa = PBXFileReference; fileEncoding = 4; lastKnownFileType = sourcecode.cpp.cpp; path = Graph.cpp; sourceTree = "<group>"; };
		195036621C80BFC300C9C990 /* Graph.hpp */ = {isa = PBXFileReference; fileEncoding = 4; lastKnownFileType = sourcecode.cpp.h; path = Graph.hpp; sourceTree = "<group>"; };
/* End PBXFileReference section */

/* Begin PBXFrameworksBuildPhase section */
		1937B1831C80B5440060C23A /* Frameworks */ = {
			isa = PBXFrameworksBuildPhase;
			buildActionMask = 2147483647;
			files = (
			);
			runOnlyForDeploymentPostprocessing = 0;
		};
/* End PBXFrameworksBuildPhase section */

/* Begin PBXGroup section */
		192B86361C81DD7F003DCC1D /* LanguageBridge */ = {
			isa = PBXGroup;
			children = (
				192B86391C81DE1C003DCC1D /* A*-Bridging-Header.h */,
				192B863A1C81DE78003DCC1D /* ObjCToCPlusPlus.h */,
				192B863B1C81DE78003DCC1D /* ObjCToCPlusPlus.mm */,
			);
			path = LanguageBridge;
			sourceTree = "<group>";
		};
		1937B17D1C80B5440060C23A = {
			isa = PBXGroup;
			children = (
				1937B1881C80B5440060C23A /* A* */,
				1937B1871C80B5440060C23A /* Products */,
			);
			sourceTree = "<group>";
		};
		1937B1871C80B5440060C23A /* Products */ = {
			isa = PBXGroup;
			children = (
				1937B1861C80B5440060C23A /* A*.app */,
			);
			name = Products;
			sourceTree = "<group>";
		};
		1937B1881C80B5440060C23A /* A* */ = {
			isa = PBXGroup;
			children = (
				1937B18D1C80B5440060C23A /* Assets.xcassets */,
				1937B1921C80B5440060C23A /* Info.plist */,
				192B86361C81DD7F003DCC1D /* LanguageBridge */,
				195036571C80BA5500C9C990 /* PathFinder */,
				1937B1891C80B5440060C23A /* AppDelegate.swift */,
				1937B18B1C80B5440060C23A /* ViewController.swift */,
				1937B18F1C80B5440060C23A /* Main.storyboard */,
				1950364E1C80B59D00C9C990 /* GraphView.swift */,
			);
			path = "A*";
			sourceTree = "<group>";
		};
		195036571C80BA5500C9C990 /* PathFinder */ = {
			isa = PBXGroup;
			children = (
				195036611C80BFC300C9C990 /* Graph.cpp */,
				195036621C80BFC300C9C990 /* Graph.hpp */,
				195036581C80BA5500C9C990 /* PathFinder.cpp */,
				195036591C80BA5500C9C990 /* PathFinder.hpp */,
				1950365B1C80BBBB00C9C990 /* Position.cpp */,
				1950365C1C80BBBB00C9C990 /* Position.hpp */,
				1950365E1C80BC8100C9C990 /* PositionConverter.cpp */,
				1950365F1C80BC8100C9C990 /* PositionConverter.hpp */,
			);
			path = PathFinder;
			sourceTree = "<group>";
		};
/* End PBXGroup section */

/* Begin PBXNativeTarget section */
		1937B1851C80B5440060C23A /* A* */ = {
			isa = PBXNativeTarget;
			buildConfigurationList = 1937B1951C80B5440060C23A /* Build configuration list for PBXNativeTarget "A*" */;
			buildPhases = (
				1937B1821C80B5440060C23A /* Sources */,
				1937B1831C80B5440060C23A /* Frameworks */,
				1937B1841C80B5440060C23A /* Resources */,
			);
			buildRules = (
			);
			dependencies = (
			);
			name = "A*";
			productName = "A*";
			productReference = 1937B1861C80B5440060C23A /* A*.app */;
			productType = "com.apple.product-type.application";
		};
/* End PBXNativeTarget section */

/* Begin PBXProject section */
		1937B17E1C80B5440060C23A /* Project object */ = {
			isa = PBXProject;
			attributes = {
				LastSwiftUpdateCheck = 0720;
				LastUpgradeCheck = 0720;
				ORGANIZATIONNAME = "Ricard Perez del Campo";
				TargetAttributes = {
					1937B1851C80B5440060C23A = {
						CreatedOnToolsVersion = 7.2.1;
					};
				};
			};
			buildConfigurationList = 1937B1811C80B5440060C23A /* Build configuration list for PBXProject "A*" */;
			compatibilityVersion = "Xcode 3.2";
			developmentRegion = English;
			hasScannedForEncodings = 0;
			knownRegions = (
				en,
				Base,
			);
			mainGroup = 1937B17D1C80B5440060C23A;
			productRefGroup = 1937B1871C80B5440060C23A /* Products */;
			projectDirPath = "";
			projectRoot = "";
			targets = (
				1937B1851C80B5440060C23A /* A* */,
			);
		};
/* End PBXProject section */

/* Begin PBXResourcesBuildPhase section */
		1937B1841C80B5440060C23A /* Resources */ = {
			isa = PBXResourcesBuildPhase;
			buildActionMask = 2147483647;
			files = (
				1937B18E1C80B5440060C23A /* Assets.xcassets in Resources */,
				1937B1911C80B5440060C23A /* Main.storyboard in Resources */,
			);
			runOnlyForDeploymentPostprocessing = 0;
		};
/* End PBXResourcesBuildPhase section */

/* Begin PBXSourcesBuildPhase section */
		1937B1821C80B5440060C23A /* Sources */ = {
			isa = PBXSourcesBuildPhase;
			buildActionMask = 2147483647;
			files = (
				192B863C1C81DE78003DCC1D /* ObjCToCPlusPlus.mm in Sources */,
				1950365A1C80BA5500C9C990 /* PathFinder.cpp in Sources */,
				195036601C80BC8100C9C990 /* PositionConverter.cpp in Sources */,
				195036631C80BFC300C9C990 /* Graph.cpp in Sources */,
				1937B18C1C80B5440060C23A /* ViewController.swift in Sources */,
				1950364F1C80B59D00C9C990 /* GraphView.swift in Sources */,
				1937B18A1C80B5440060C23A /* AppDelegate.swift in Sources */,
				1950365D1C80BBBB00C9C990 /* Position.cpp in Sources */,
			);
			runOnlyForDeploymentPostprocessing = 0;
		};
/* End PBXSourcesBuildPhase section */

/* Begin PBXVariantGroup section */
		1937B18F1C80B5440060C23A /* Main.storyboard */ = {
			isa = PBXVariantGroup;
			children = (
				1937B1901C80B5440060C23A /* Base */,
			);
			name = Main.storyboard;
			sourceTree = "<group>";
		};
/* End PBXVariantGroup section */

/* Begin XCBuildConfiguration section */
		1937B1931C80B5440060C23A /* Debug */ = {
			isa = XCBuildConfiguration;
			buildSettings = {
				ALWAYS_SEARCH_USER_PATHS = NO;
				CLANG_CXX_LANGUAGE_STANDARD = "gnu++0x";
				CLANG_CXX_LIBRARY = "libc++";
				CLANG_ENABLE_MODULES = YES;
				CLANG_ENABLE_OBJC_ARC = YES;
				CLANG_WARN_BOOL_CONVERSION = YES;
				CLANG_WARN_CONSTANT_CONVERSION = YES;
				CLANG_WARN_DIRECT_OBJC_ISA_USAGE = YES_ERROR;
				CLANG_WARN_EMPTY_BODY = YES;
				CLANG_WARN_ENUM_CONVERSION = YES;
				CLANG_WARN_INT_CONVERSION = YES;
				CLANG_WARN_OBJC_ROOT_CLASS = YES_ERROR;
				CLANG_WARN_UNREACHABLE_CODE = YES;
				CLANG_WARN__DUPLICATE_METHOD_MATCH = YES;
				CODE_SIGN_IDENTITY = "-";
				COPY_PHASE_STRIP = NO;
				DEBUG_INFORMATION_FORMAT = dwarf;
				ENABLE_STRICT_OBJC_MSGSEND = YES;
				ENABLE_TESTABILITY = YES;
				GCC_C_LANGUAGE_STANDARD = gnu99;
				GCC_DYNAMIC_NO_PIC = NO;
				GCC_NO_COMMON_BLOCKS = YES;
				GCC_OPTIMIZATION_LEVEL = 0;
				GCC_PREPROCESSOR_DEFINITIONS = (
					"DEBUG=1",
					"$(inherited)",
				);
				GCC_WARN_64_TO_32_BIT_CONVERSION = YES;
				GCC_WARN_ABOUT_RETURN_TYPE = YES_ERROR;
				GCC_WARN_UNDECLARED_SELECTOR = YES;
				GCC_WARN_UNINITIALIZED_AUTOS = YES_AGGRESSIVE;
				GCC_WARN_UNUSED_FUNCTION = YES;
				GCC_WARN_UNUSED_VARIABLE = YES;
				MACOSX_DEPLOYMENT_TARGET = 10.11;
				MTL_ENABLE_DEBUG_INFO = YES;
				ONLY_ACTIVE_ARCH = YES;
				SDKROOT = macosx;
				SWIFT_OBJC_BRIDGING_HEADER = "";
				SWIFT_OPTIMIZATION_LEVEL = "-Onone";
			};
			name = Debug;
		};
		1937B1941C80B5440060C23A /* Release */ = {
			isa = XCBuildConfiguration;
			buildSettings = {
				ALWAYS_SEARCH_USER_PATHS = NO;
				CLANG_CXX_LANGUAGE_STANDARD = "gnu++0x";
				CLANG_CXX_LIBRARY = "libc++";
				CLANG_ENABLE_MODULES = YES;
				CLANG_ENABLE_OBJC_ARC = YES;
				CLANG_WARN_BOOL_CONVERSION = YES;
				CLANG_WARN_CONSTANT_CONVERSION = YES;
				CLANG_WARN_DIRECT_OBJC_ISA_USAGE = YES_ERROR;
				CLANG_WARN_EMPTY_BODY = YES;
				CLANG_WARN_ENUM_CONVERSION = YES;
				CLANG_WARN_INT_CONVERSION = YES;
				CLANG_WARN_OBJC_ROOT_CLASS = YES_ERROR;
				CLANG_WARN_UNREACHABLE_CODE = YES;
				CLANG_WARN__DUPLICATE_METHOD_MATCH = YES;
				CODE_SIGN_IDENTITY = "-";
				COPY_PHASE_STRIP = NO;
				DEBUG_INFORMATION_FORMAT = "dwarf-with-dsym";
				ENABLE_NS_ASSERTIONS = NO;
				ENABLE_STRICT_OBJC_MSGSEND = YES;
				GCC_C_LANGUAGE_STANDARD = gnu99;
				GCC_NO_COMMON_BLOCKS = YES;
				GCC_WARN_64_TO_32_BIT_CONVERSION = YES;
				GCC_WARN_ABOUT_RETURN_TYPE = YES_ERROR;
				GCC_WARN_UNDECLARED_SELECTOR = YES;
				GCC_WARN_UNINITIALIZED_AUTOS = YES_AGGRESSIVE;
				GCC_WARN_UNUSED_FUNCTION = YES;
				GCC_WARN_UNUSED_VARIABLE = YES;
				MACOSX_DEPLOYMENT_TARGET = 10.11;
				MTL_ENABLE_DEBUG_INFO = NO;
				SDKROOT = macosx;
				SWIFT_OBJC_BRIDGING_HEADER = "";
			};
			name = Release;
		};
		1937B1961C80B5440060C23A /* Debug */ = {
			isa = XCBuildConfiguration;
			buildSettings = {
				ASSETCATALOG_COMPILER_APPICON_NAME = AppIcon;
				CLANG_ENABLE_MODULES = YES;
				COMBINE_HIDPI_IMAGES = YES;
				INFOPLIST_FILE = "A*/Info.plist";
				LD_RUNPATH_SEARCH_PATHS = "$(inherited) @executable_path/../Frameworks";
				PRODUCT_BUNDLE_IDENTIFIER = "com.ricardperez.A-";
				PRODUCT_NAME = "$(TARGET_NAME)";
				SWIFT_OBJC_BRIDGING_HEADER = "$(SRCROOT)/A*/LanguageBridge/A*-Bridging-Header.h";
				SWIFT_OPTIMIZATION_LEVEL = "-Onone";
			};
			name = Debug;
		};
		1937B1971C80B5440060C23A /* Release */ = {
			isa = XCBuildConfiguration;
			buildSettings = {
				ASSETCATALOG_COMPILER_APPICON_NAME = AppIcon;
				CLANG_ENABLE_MODULES = YES;
				COMBINE_HIDPI_IMAGES = YES;
				INFOPLIST_FILE = "A*/Info.plist";
				LD_RUNPATH_SEARCH_PATHS = "$(inherited) @executable_path/../Frameworks";
				PRODUCT_BUNDLE_IDENTIFIER = "com.ricardperez.A-";
				PRODUCT_NAME = "$(TARGET_NAME)";
				SWIFT_OBJC_BRIDGING_HEADER = "$(SRCROOT)/A*/LanguageBridge/A*-Bridging-Header.h";
			};
			name = Release;
		};
/* End XCBuildConfiguration section */

/* Begin XCConfigurationList section */
		1937B1811C80B5440060C23A /* Build configuration list for PBXProject "A*" */ = {
			isa = XCConfigurationList;
			buildConfigurations = (
				1937B1931C80B5440060C23A /* Debug */,
				1937B1941C80B5440060C23A /* Release */,
			);
			defaultConfigurationIsVisible = 0;
			defaultConfigurationName = Release;
		};
		1937B1951C80B5440060C23A /* Build configuration list for PBXNativeTarget "A*" */ = {
			isa = XCConfigurationList;
			buildConfigurations = (
				1937B1961C80B5440060C23A /* Debug */,
				1937B1971C80B5440060C23A /* Release */,
			);
			defaultConfigurationIsVisible = 0;
			defaultConfigurationName = Release;
		};
/* End XCConfigurationList section */
	};
	rootObject = 1937B17E1C80B5440060C23A /* Project object */;
}
